
Microsoft Visual Studio Solution File, Format Version 12.00
# Visual Studio Version 17
VisualStudioVersion = 17.4.33205.214
MinimumVisualStudioVersion = 10.0.40219.1
Project("{FAE04EC0-301F-11D3-BF4B-00C04F79EFBC}") = "Core.Back.System", "Core.Back.System\Core.Back.System.csproj", "{91F2CAFF-34F3-423B-9824-C725184F3A24}"
EndProject
Global
	GlobalSection(SolutionConfigurationPlatforms) = preSolution
		Debug|Any CPU = Debug|Any CPU
		Release|Any CPU = Release|Any CPU
	EndGlobalSection
	GlobalSection(ProjectConfigurationPlatforms) = postSolution
		{91F2CAFF-34F3-423B-9824-C725184F3A24}.Debug|Any CPU.ActiveCfg = Debug|Any CPU
		{91F2CAFF-34F3-423B-9824-C725184F3A24}.Debug|Any CPU.Build.0 = Debug|Any CPU
		{91F2CAFF-34F3-423B-9824-C725184F3A24}.Release|Any CPU.ActiveCfg = Release|Any CPU
		{91F2CAFF-34F3-423B-9824-C725184F3A24}.Release|Any CPU.Build.0 = Release|Any CPU
	EndGlobalSection
	GlobalSection(SolutionProperties) = preSolution
		HideSolutionNode = FALSE
	EndGlobalSection
	GlobalSection(ExtensibilityGlobals) = postSolution
		SolutionGuid = {79FFA4DD-E3BD-49AC-A4E3-25EE86E9A042}
	EndGlobalSection
EndGlobal
